<?xml version="1.0" encoding="utf-8"?>
<Project ToolsVersion="4.0" xmlns="http://schemas.microsoft.com/developer/msbuild/2003">
  <ItemGroup>
    <Filter Include="リソース ファイル">
      <UniqueIdentifier>{67DA6AB6-F800-4c08-8B7A-83BB121AAD01}</UniqueIdentifier>
      <Extensions>rc;ico;cur;bmp;dlg;rc2;rct;bin;rgs;gif;jpg;jpeg;jpe;resx;tiff;tif;png;wav;mfcribbon-ms</Extensions>
    </Filter>
    <Filter Include="program">
      <UniqueIdentifier>{4FC737F1-C7A5-4376-A066-2A32D752A2FF}</UniqueIdentifier>
      <Extensions>cpp;c;cc;cxx;c++;cppm;ixx;def;odl;idl;hpj;bat;asm;asmx</Extensions>
    </Filter>
    <Filter Include="program\[000] library">
      <UniqueIdentifier>{09672401-4fc2-4734-b792-36b80c770b80}</UniqueIdentifier>
    </Filter>
    <Filter Include="program\[001] dxlib_ext">
      <UniqueIdentifier>{413cd02b-9e9c-4380-878e-8de31d0aa61f}</UniqueIdentifier>
    </Filter>
    <Filter Include="program\[003] game">
      <UniqueIdentifier>{6febca5b-94b9-462e-9667-612e572524b1}</UniqueIdentifier>
    </Filter>
    <Filter Include="program\[001] dxlib_ext\example">
      <UniqueIdentifier>{ea5a88b7-f286-41e9-879d-401c3c3d5248}</UniqueIdentifier>
    </Filter>
    <Filter Include="program\[001] dxlib_ext\gui">
      <UniqueIdentifier>{c7daee35-d9e6-4a83-8158-b2e5ab58a009}</UniqueIdentifier>
    </Filter>
    <Filter Include="program\[001] dxlib_ext\mesh">
      <UniqueIdentifier>{7cc483a3-8e13-4053-a8aa-f66f0d585490}</UniqueIdentifier>
    </Filter>
    <Filter Include="program\[001] dxlib_ext\effects">
      <UniqueIdentifier>{289d4674-d138-4a76-857d-40c9b3fab708}</UniqueIdentifier>
    </Filter>
    <Filter Include="program\[001] dxlib_ext\effects\shader">
      <UniqueIdentifier>{609398e4-3682-4465-ba5e-236c793be06a}</UniqueIdentifier>
    </Filter>
    <Filter Include="program\[001] dxlib_ext\effects\shader\particle">
      <UniqueIdentifier>{58db850b-778d-417b-8594-99a237b1ac59}</UniqueIdentifier>
    </Filter>
    <Filter Include="program\[001] dxlib_ext\create_mesh">
      <UniqueIdentifier>{11d8e443-8d64-409c-92f1-6895cd2dbbce}</UniqueIdentifier>
    </Filter>
    <Filter Include="program\[003] game\[000]GameEngine">
      <UniqueIdentifier>{1101a3dc-0d9c-40d7-8422-dd53b733a393}</UniqueIdentifier>
    </Filter>
    <Filter Include="program\[003] game\[001]Common">
      <UniqueIdentifier>{e88c9bb1-ddd9-4ba4-b35e-bd1dc16b592a}</UniqueIdentifier>
    </Filter>
    <Filter Include="program\[003] game\[002]SceneOp">
      <UniqueIdentifier>{90c74924-6090-4381-ad5b-fba23ae2bdaf}</UniqueIdentifier>
    </Filter>
    <Filter Include="program\[003] game\[003]ScenePlay">
      <UniqueIdentifier>{cf060e49-c498-4ab9-b3d6-a8254f2abd71}</UniqueIdentifier>
    </Filter>
    <Filter Include="program\[003] game\[000]GameEngine\[000]Engine">
      <UniqueIdentifier>{aa17744f-39ca-4d04-b50a-782458fd273b}</UniqueIdentifier>
    </Filter>
    <Filter Include="program\[003] game\[000]GameEngine\[001]Scene">
      <UniqueIdentifier>{16f93680-4f8b-4355-a5dd-389b1603504c}</UniqueIdentifier>
    </Filter>
    <Filter Include="program\[003] game\[000]GameEngine\[002]Music">
      <UniqueIdentifier>{a3d2bed8-e302-4c55-a349-0693a06c5889}</UniqueIdentifier>
    </Filter>
    <Filter Include="program\[003] game\[000]GameEngine\[003]Transform">
      <UniqueIdentifier>{68249300-0d2e-4751-b187-a41184a5f285}</UniqueIdentifier>
    </Filter>
    <Filter Include="program\[003] game\[001]Common\[000]Object">
      <UniqueIdentifier>{507a8372-f6cc-4253-9fe6-2e97ad6c737b}</UniqueIdentifier>
    </Filter>
    <Filter Include="program\[003] game\[001]Common\[001]Camera">
      <UniqueIdentifier>{89a64230-604b-47a0-aac3-6492951d492c}</UniqueIdentifier>
    </Filter>
    <Filter Include="program\[003] game\[001]Common\[002]Mediator">
      <UniqueIdentifier>{7a5c7fe3-aa26-455f-be88-abe177f98051}</UniqueIdentifier>
    </Filter>
    <Filter Include="program\[003] game\[001]Common\[003]Phase">
      <UniqueIdentifier>{e667bf97-52b4-4d6d-9e70-c759d6fac7ec}</UniqueIdentifier>
    </Filter>
    <Filter Include="program\[003] game\[001]Common\[000]Object\[000]Stage">
      <UniqueIdentifier>{88d540be-0bf7-42de-b8a7-7887f59d3c1c}</UniqueIdentifier>
    </Filter>
    <Filter Include="program\[003] game\[001]Common\[000]Object\[001]Character">
      <UniqueIdentifier>{b5c4a5e8-aaab-46a4-9e29-5a3fca2dfc5e}</UniqueIdentifier>
    </Filter>
    <Filter Include="program\[003] game\[001]Common\[000]Object\[003]Effect">
      <UniqueIdentifier>{98828e77-34cb-47d5-ba36-2d904a63be72}</UniqueIdentifier>
    </Filter>
    <Filter Include="program\[003] game\[001]Common\[000]Object\[000]Stage\[000]SkyBox">
      <UniqueIdentifier>{7c3d1d32-0965-4b9b-9129-1f3ea0040e0e}</UniqueIdentifier>
    </Filter>
    <Filter Include="program\[003] game\[001]Common\[000]Object\[000]Stage\[001]Lane">
      <UniqueIdentifier>{f002e19f-114f-4f74-bac0-db78ad5e9a80}</UniqueIdentifier>
    </Filter>
    <Filter Include="program\[003] game\[001]Common\[000]Object\[000]Stage\[002]Floor">
      <UniqueIdentifier>{329eb292-8d6d-452f-9d46-1685a0dd0b9b}</UniqueIdentifier>
    </Filter>
    <Filter Include="program\[003] game\[001]Common\[000]Object\[000]Stage\[003]Model">
      <UniqueIdentifier>{14ada333-ccc3-4a07-b990-9f903cc15ccd}</UniqueIdentifier>
    </Filter>
    <Filter Include="program\[003] game\[001]Common\[000]Object\[000]Stage\[001]Lane\[000]LaneFunction">
      <UniqueIdentifier>{0fdef970-4027-406b-8498-44927f431cf3}</UniqueIdentifier>
    </Filter>
    <Filter Include="program\[003] game\[001]Common\[000]Object\[000]Stage\[003]Model\[000]ModelFunction">
      <UniqueIdentifier>{04bdf5c5-270e-44f0-b47c-b7e151cab276}</UniqueIdentifier>
    </Filter>
    <Filter Include="program\[003] game\[001]Common\[000]Object\[001]Character\[001]Partner">
      <UniqueIdentifier>{1d255a47-0f8d-4501-8c03-734364aa0997}</UniqueIdentifier>
    </Filter>
    <Filter Include="program\[003] game\[001]Common\[000]Object\[001]Character\[002]CameraTargetPlayer">
      <UniqueIdentifier>{f3a0b5c8-4b00-4610-9192-fce76c35d30e}</UniqueIdentifier>
    </Filter>
    <Filter Include="program\[003] game\[001]Common\[000]Object\[001]Character\[000]Player">
      <UniqueIdentifier>{db16480d-17b2-4f9a-8fb4-1043e3a03c42}</UniqueIdentifier>
    </Filter>
    <Filter Include="program\[003] game\[001]Common\[000]Object\[001]Character\[000]Player\[000]PlayerFunction">
      <UniqueIdentifier>{26e9bf99-195c-4940-9b15-34d2526b8b77}</UniqueIdentifier>
    </Filter>
    <Filter Include="program\[003] game\[001]Common\[000]Object\[001]Character\[001]Partner\[000]PartnerFunction">
      <UniqueIdentifier>{89267a6f-e8c2-4769-ad37-895e6e91ccac}</UniqueIdentifier>
    </Filter>
    <Filter Include="program\[003] game\[001]Common\[000]Object\[004]Score">
      <UniqueIdentifier>{323efee6-b030-4447-82f6-0984dd691149}</UniqueIdentifier>
    </Filter>
    <Filter Include="program\[002]wta_library">
      <UniqueIdentifier>{3fcc14bf-0315-444b-8ace-738e0917d5ab}</UniqueIdentifier>
    </Filter>
    <Filter Include="program\[003] game\[001]Common\[000]Object\[003]Effect\[000]EffectFunction">
      <UniqueIdentifier>{0a452713-813e-4a24-82c9-6df8f0951c08}</UniqueIdentifier>
    </Filter>
    <Filter Include="program\[003] game\[001]Common\[005]Factory">
      <UniqueIdentifier>{57db2471-5e99-4519-806c-1144cd65605b}</UniqueIdentifier>
    </Filter>
    <Filter Include="program\[003] game\[001]Common\[004]ScreenShot">
      <UniqueIdentifier>{03d245ea-b60e-4123-91d3-b7c5cf35456e}</UniqueIdentifier>
    </Filter>
    <Filter Include="program\[003] game\[001]Common\[000]Object\[005]Event">
      <UniqueIdentifier>{d9d79915-b812-4800-8715-e8c5335736d8}</UniqueIdentifier>
    </Filter>
    <Filter Include="program\[003] game\[001]Common\[000]Object\[005]Event\[001]Text">
      <UniqueIdentifier>{fe808cfa-da22-41a4-a67d-b7218841dc17}</UniqueIdentifier>
    </Filter>
    <Filter Include="program\[003] game\[001]Common\[000]Object\[005]Event\[001]Text\[000]TextFunction">
      <UniqueIdentifier>{e5ec91ee-d431-49a5-8172-41a33b204b23}</UniqueIdentifier>
    </Filter>
    <Filter Include="program\[003] game\[001]Common\[000]Object\[005]Event\[002]CharaGraph">
      <UniqueIdentifier>{8a3cec28-e0c6-49e5-bac7-a3b22bce7a9d}</UniqueIdentifier>
    </Filter>
    <Filter Include="program\[003] game\[001]Common\[000]Object\[005]Event\[002]CharaGraph\[000]CharaGraphicFunction">
      <UniqueIdentifier>{65a8888a-2362-469f-a87d-5379e651761f}</UniqueIdentifier>
    </Filter>
    <Filter Include="program\[003] game\[001]Common\[000]Object\[002]Gimmick">
      <UniqueIdentifier>{cf873a0d-1a5e-4fde-96eb-501270bd2400}</UniqueIdentifier>
    </Filter>
    <Filter Include="program\[003] game\[001]Common\[000]Object\[002]Gimmick\[000]GimmickFunction">
      <UniqueIdentifier>{a7e0a97a-7982-4345-9f30-cb064f346f22}</UniqueIdentifier>
    </Filter>
    <Filter Include="program\[003] game\[001]Common\[001]Camera\[000]CameraFunction">
      <UniqueIdentifier>{70fcb5db-60bb-4f04-96ae-b6608e809683}</UniqueIdentifier>
    </Filter>
    <Filter Include="program\[003] game\[001]Common\[000]Object\[001]Character\[003]Butterfly">
      <UniqueIdentifier>{b061350c-b7ca-42e5-9b0f-4e884b2a7884}</UniqueIdentifier>
    </Filter>
    <Filter Include="program\[003] game\[001]Common\[000]Object\[006]Title">
      <UniqueIdentifier>{be5d258a-f212-4c22-8cf0-ec116523cda9}</UniqueIdentifier>
    </Filter>
    <Filter Include="program\[003] game\[001]Common\[000]Object\[001]Character\[000]Player\[001]CinemaPlayer">
      <UniqueIdentifier>{5cc6594b-443f-418a-9dd8-64fc2a3d6a4b}</UniqueIdentifier>
    </Filter>
    <Filter Include="program\[003] game\[001]Common\[000]Object\[001]Character\[003]Butterfly\[000]ButterflyFunction">
      <UniqueIdentifier>{faf8dd25-e158-4e04-af47-a93bcbe96d39}</UniqueIdentifier>
    </Filter>
    <Filter Include="program\[003] game\[001]Common\[000]Object\[007]Gate">
      <UniqueIdentifier>{be16eb9e-68ac-4be4-a0b7-0a94c1bee20c}</UniqueIdentifier>
    </Filter>
    <Filter Include="program\[003] game\[001]Common\[000]Object\[007]Gate\[000]GateFunction">
      <UniqueIdentifier>{4cd2e9f8-409b-4982-b7fe-6ae6eb3ceda4}</UniqueIdentifier>
    </Filter>
    <Filter Include="program\[003] game\[004]SceneED">
      <UniqueIdentifier>{209bb2fd-cce4-4ed5-9855-f4f107b61dc6}</UniqueIdentifier>
    </Filter>
  </ItemGroup>
  <ItemGroup>
    <ClCompile Include="ManagedDxlGame.cpp">
      <Filter>program</Filter>
    </ClCompile>
    <ClCompile Include="program\library\tnl_font_texture.cpp">
      <Filter>program\[000] library</Filter>
    </ClCompile>
    <ClCompile Include="program\library\tnl_input.cpp">
      <Filter>program\[000] library</Filter>
    </ClCompile>
    <ClCompile Include="program\library\tnl_intersect.cpp">
      <Filter>program\[000] library</Filter>
    </ClCompile>
    <ClCompile Include="program\library\tnl_math.cpp">
      <Filter>program\[000] library</Filter>
    </ClCompile>
    <ClCompile Include="program\library\tnl_matrix.cpp">
      <Filter>program\[000] library</Filter>
    </ClCompile>
    <ClCompile Include="program\library\tnl_quaternion.cpp">
      <Filter>program\[000] library</Filter>
    </ClCompile>
    <ClCompile Include="program\library\tnl_seek_unit.cpp">
      <Filter>program\[000] library</Filter>
    </ClCompile>
    <ClCompile Include="program\library\tnl_util.cpp">
      <Filter>program\[000] library</Filter>
    </ClCompile>
    <ClCompile Include="program\dxlib_ext\dxlib_ext.cpp">
      <Filter>program\[001] dxlib_ext</Filter>
    </ClCompile>
    <ClCompile Include="program\dxlib_ext\dxlib_ext_data.cpp">
      <Filter>program\[001] dxlib_ext</Filter>
    </ClCompile>
    <ClCompile Include="program\dxlib_ext\dxlib_ext_texture.cpp">
      <Filter>program\[001] dxlib_ext</Filter>
    </ClCompile>
    <ClCompile Include="program\dxlib_ext\OBJLoader.cpp">
      <Filter>program\[001] dxlib_ext</Filter>
    </ClCompile>
    <ClCompile Include="program\dxlib_ext\create_mesh\dxlib_ext_mesh_barrel.cpp">
      <Filter>program\[001] dxlib_ext\create_mesh</Filter>
    </ClCompile>
    <ClCompile Include="program\dxlib_ext\create_mesh\dxlib_ext_mesh_cone.cpp">
      <Filter>program\[001] dxlib_ext\create_mesh</Filter>
    </ClCompile>
    <ClCompile Include="program\dxlib_ext\create_mesh\dxlib_ext_mesh_cone_cylinder.cpp">
      <Filter>program\[001] dxlib_ext\create_mesh</Filter>
    </ClCompile>
    <ClCompile Include="program\dxlib_ext\create_mesh\dxlib_ext_mesh_cylinder.cpp">
      <Filter>program\[001] dxlib_ext\create_mesh</Filter>
    </ClCompile>
    <ClCompile Include="program\dxlib_ext\create_mesh\dxlib_ext_mesh_disk.cpp">
      <Filter>program\[001] dxlib_ext\create_mesh</Filter>
    </ClCompile>
    <ClCompile Include="program\dxlib_ext\create_mesh\dxlib_ext_mesh_disk_ring.cpp">
      <Filter>program\[001] dxlib_ext\create_mesh</Filter>
    </ClCompile>
    <ClCompile Include="program\dxlib_ext\create_mesh\dxlib_ext_mesh_dome.cpp">
      <Filter>program\[001] dxlib_ext\create_mesh</Filter>
    </ClCompile>
    <ClCompile Include="program\dxlib_ext\create_mesh\dxlib_ext_mesh_from_height_map.cpp">
      <Filter>program\[001] dxlib_ext\create_mesh</Filter>
    </ClCompile>
    <ClCompile Include="program\dxlib_ext\create_mesh\dxlib_ext_mesh_half_barrel.cpp">
      <Filter>program\[001] dxlib_ext\create_mesh</Filter>
    </ClCompile>
    <ClCompile Include="program\dxlib_ext\create_mesh\dxlib_ext_mesh_obj.cpp">
      <Filter>program\[001] dxlib_ext\create_mesh</Filter>
    </ClCompile>
    <ClCompile Include="program\dxlib_ext\create_mesh\dxlib_ext_mesh_plane.cpp">
      <Filter>program\[001] dxlib_ext\create_mesh</Filter>
    </ClCompile>
    <ClCompile Include="program\dxlib_ext\create_mesh\dxlib_ext_mesh_sphere.cpp">
      <Filter>program\[001] dxlib_ext\create_mesh</Filter>
    </ClCompile>
    <ClCompile Include="program\dxlib_ext\create_mesh\dxlib_ext_mesh_torus.cpp">
      <Filter>program\[001] dxlib_ext\create_mesh</Filter>
    </ClCompile>
    <ClCompile Include="program\dxlib_ext\create_mesh\dxlib_ext_mesh_triangle_equilateral.cpp">
      <Filter>program\[001] dxlib_ext\create_mesh</Filter>
    </ClCompile>
    <ClCompile Include="program\dxlib_ext\create_mesh\dxlib_ext_mesh_triangle_isosceles.cpp">
      <Filter>program\[001] dxlib_ext\create_mesh</Filter>
    </ClCompile>
    <ClCompile Include="program\dxlib_ext\create_mesh\dxlib_ext_mesh_triangle_right.cpp">
      <Filter>program\[001] dxlib_ext\create_mesh</Filter>
    </ClCompile>
    <ClCompile Include="program\game\gm_main.cpp">
      <Filter>program\[003] game</Filter>
    </ClCompile>
    <ClCompile Include="program\dxlib_ext\create_mesh\dxlib_ext_mesh_hollow_out_disk_plane.cpp">
      <Filter>program\[001] dxlib_ext\create_mesh</Filter>
    </ClCompile>
    <ClCompile Include="program\library\json11.cpp">
      <Filter>program\[000] library</Filter>
    </ClCompile>
    <ClCompile Include="program\library\tnl_inclution_owner_locked.cpp">
      <Filter>program\[000] library</Filter>
    </ClCompile>
    <ClCompile Include="program\library\tnl_instance.cpp">
      <Filter>program\[000] library</Filter>
    </ClCompile>
    <ClCompile Include="program\library\tnl_vector3.cpp">
      <Filter>program\[000] library</Filter>
    </ClCompile>
    <ClCompile Include="program\library\tnl_vector2i.cpp">
      <Filter>program\[000] library</Filter>
    </ClCompile>
    <ClCompile Include="program\dxlib_ext\create_mesh\dxlib_ext_mesh_cube.cpp">
      <Filter>program\[001] dxlib_ext\create_mesh</Filter>
    </ClCompile>
    <ClCompile Include="program\dxlib_ext\create_mesh\dxlib_ext_mesh_box.cpp">
      <Filter>program\[001] dxlib_ext\create_mesh</Filter>
    </ClCompile>
    <ClCompile Include="program\dxlib_ext\dxlib_ext_camera.cpp">
      <Filter>program\[001] dxlib_ext</Filter>
    </ClCompile>
    <ClCompile Include="program\dxlib_ext\gui\dxlib_ext_gui_drag_box.cpp">
      <Filter>program\[001] dxlib_ext\gui</Filter>
    </ClCompile>
    <ClCompile Include="program\dxlib_ext\gui\dxlib_ext_gui_input_box.cpp">
      <Filter>program\[001] dxlib_ext\gui</Filter>
    </ClCompile>
    <ClCompile Include="program\dxlib_ext\gui\dxlib_ext_gui_menu_selector.cpp">
      <Filter>program\[001] dxlib_ext\gui</Filter>
    </ClCompile>
    <ClCompile Include="program\dxlib_ext\mesh\dxlib_ext_mesh.cpp">
      <Filter>program\[001] dxlib_ext\mesh</Filter>
    </ClCompile>
    <ClCompile Include="program\dxlib_ext\mesh\dxlib_ext_mesh_mtrl_gui_controller.cpp">
      <Filter>program\[001] dxlib_ext\mesh</Filter>
    </ClCompile>
    <ClCompile Include="program\dxlib_ext\effects\dxlib_ext_particle.cpp">
      <Filter>program\[001] dxlib_ext\effects</Filter>
    </ClCompile>
    <ClCompile Include="program\dxlib_ext\effects\dxlib_ext_shadow_map.cpp">
      <Filter>program\[001] dxlib_ext\effects</Filter>
    </ClCompile>
    <ClCompile Include="program\dxlib_ext\effects\dxlib_ext_particle_sub.cpp">
      <Filter>program\[001] dxlib_ext\effects</Filter>
    </ClCompile>
    <ClCompile Include="program\dxlib_ext\mesh\dxlib_ext_inst_mesh.cpp">
      <Filter>program\[001] dxlib_ext\mesh</Filter>
    </ClCompile>
    <ClCompile Include="program\dxlib_ext\create_mesh\dxlib_ext_mesh_static_group.cpp">
      <Filter>program\[001] dxlib_ext\create_mesh</Filter>
    </ClCompile>
    <ClCompile Include="program\dxlib_ext\mesh\dxlib_ext_mesh_base.cpp">
      <Filter>program\[001] dxlib_ext\mesh</Filter>
    </ClCompile>
    <ClCompile Include="program\dxlib_ext\effects\dxlib_ext_screen_effect.cpp">
      <Filter>program\[001] dxlib_ext\effects</Filter>
    </ClCompile>
    <ClCompile Include="program\dxlib_ext\gui\dxlib_ext_gui_check_box.cpp">
      <Filter>program\[001] dxlib_ext\gui</Filter>
    </ClCompile>
    <ClCompile Include="program\game\[001]Common\[005]Factory\PlayFactory.cpp">
      <Filter>program\[003] game\[001]Common\[005]Factory</Filter>
    </ClCompile>
    <ClCompile Include="program\game\[001]Common\[003]Phase\GamePhase.cpp">
      <Filter>program\[003] game\[001]Common\[003]Phase</Filter>
    </ClCompile>
    <ClCompile Include="program\game\[001]Common\[003]Phase\StagePhase.cpp">
      <Filter>program\[003] game\[001]Common\[003]Phase</Filter>
    </ClCompile>
    <ClCompile Include="program\game\[001]Common\[002]Mediator\Mediator.cpp">
      <Filter>program\[003] game\[001]Common\[002]Mediator</Filter>
    </ClCompile>
    <ClCompile Include="program\game\[001]Common\[001]Camera\GameCamera.cpp">
      <Filter>program\[003] game\[001]Common\[001]Camera</Filter>
    </ClCompile>
    <ClCompile Include="program\game\[001]Common\[000]Object\[000]Stage\[001]Lane\Lane.cpp">
      <Filter>program\[003] game\[001]Common\[000]Object\[000]Stage\[001]Lane</Filter>
    </ClCompile>
    <ClCompile Include="program\game\[001]Common\[000]Object\[000]Stage\[001]Lane\[000]LaneFunction\LaneLoad.cpp">
      <Filter>program\[003] game\[001]Common\[000]Object\[000]Stage\[001]Lane\[000]LaneFunction</Filter>
    </ClCompile>
    <ClCompile Include="program\game\[001]Common\[000]Object\[000]Stage\[001]Lane\[000]LaneFunction\LaneMove.cpp">
      <Filter>program\[003] game\[001]Common\[000]Object\[000]Stage\[001]Lane\[000]LaneFunction</Filter>
    </ClCompile>
    <ClCompile Include="program\game\[001]Common\[000]Object\[000]Stage\[002]Floor\Floor.cpp">
      <Filter>program\[003] game\[001]Common\[000]Object\[000]Stage\[002]Floor</Filter>
    </ClCompile>
    <ClCompile Include="program\game\[001]Common\[000]Object\[000]Stage\[003]Model\Model.cpp">
      <Filter>program\[003] game\[001]Common\[000]Object\[000]Stage\[003]Model</Filter>
    </ClCompile>
    <ClCompile Include="program\game\[001]Common\[000]Object\[000]Stage\[003]Model\[000]ModelFunction\ModelLoad.cpp">
      <Filter>program\[003] game\[001]Common\[000]Object\[000]Stage\[003]Model\[000]ModelFunction</Filter>
    </ClCompile>
    <ClCompile Include="program\game\[001]Common\[000]Object\[000]Stage\[003]Model\[000]ModelFunction\ModelPool.cpp">
      <Filter>program\[003] game\[001]Common\[000]Object\[000]Stage\[003]Model\[000]ModelFunction</Filter>
    </ClCompile>
    <ClCompile Include="program\game\[001]Common\[000]Object\[001]Character\Character.cpp">
      <Filter>program\[003] game\[001]Common\[000]Object\[001]Character</Filter>
    </ClCompile>
    <ClCompile Include="program\game\[001]Common\[000]Object\[001]Character\[000]Player\Player.cpp">
      <Filter>program\[003] game\[001]Common\[000]Object\[001]Character\[000]Player</Filter>
    </ClCompile>
    <ClCompile Include="program\game\[001]Common\[000]Object\[001]Character\[000]Player\[000]PlayerFunction\PlayerCollision.cpp">
      <Filter>program\[003] game\[001]Common\[000]Object\[001]Character\[000]Player\[000]PlayerFunction</Filter>
    </ClCompile>
    <ClCompile Include="program\game\[001]Common\[000]Object\[001]Character\[000]Player\[000]PlayerFunction\PlayerDraw.cpp">
      <Filter>program\[003] game\[001]Common\[000]Object\[001]Character\[000]Player\[000]PlayerFunction</Filter>
    </ClCompile>
    <ClCompile Include="program\game\[001]Common\[000]Object\[001]Character\[000]Player\[000]PlayerFunction\PlayerMove.cpp">
      <Filter>program\[003] game\[001]Common\[000]Object\[001]Character\[000]Player\[000]PlayerFunction</Filter>
    </ClCompile>
    <ClCompile Include="program\game\[001]Common\[000]Object\[001]Character\[000]Player\[000]PlayerFunction\PlayerLoad.cpp">
      <Filter>program\[003] game\[001]Common\[000]Object\[001]Character\[000]Player\[000]PlayerFunction</Filter>
    </ClCompile>
    <ClCompile Include="program\game\[001]Common\[000]Object\[001]Character\[000]Player\[000]PlayerFunction\PlayerSkill.cpp">
      <Filter>program\[003] game\[001]Common\[000]Object\[001]Character\[000]Player\[000]PlayerFunction</Filter>
    </ClCompile>
    <ClCompile Include="program\game\[001]Common\[000]Object\[001]Character\[001]Partner\Partner.cpp">
      <Filter>program\[003] game\[001]Common\[000]Object\[001]Character\[001]Partner</Filter>
    </ClCompile>
    <ClCompile Include="program\game\[001]Common\[000]Object\[001]Character\[001]Partner\[000]PartnerFunction\PartnerDraw.cpp">
      <Filter>program\[003] game\[001]Common\[000]Object\[001]Character\[001]Partner\[000]PartnerFunction</Filter>
    </ClCompile>
    <ClCompile Include="program\game\[001]Common\[000]Object\[001]Character\[001]Partner\[000]PartnerFunction\PartnerMove.cpp">
      <Filter>program\[003] game\[001]Common\[000]Object\[001]Character\[001]Partner\[000]PartnerFunction</Filter>
    </ClCompile>
    <ClCompile Include="program\game\[001]Common\[000]Object\[001]Character\[002]CameraTargetPlayer\CameraTargetPlayer.cpp">
      <Filter>program\[003] game\[001]Common\[000]Object\[001]Character\[002]CameraTargetPlayer</Filter>
    </ClCompile>
    <ClCompile Include="program\game\[001]Common\[000]Object\[004]Score\Score.cpp">
      <Filter>program\[003] game\[001]Common\[000]Object\[004]Score</Filter>
    </ClCompile>
    <ClCompile Include="program\game\[003]ScenePlay\ScenePlay.cpp">
      <Filter>program\[003] game\[003]ScenePlay</Filter>
    </ClCompile>
    <ClCompile Include="program\game\[000]GameEngine\[001]Scene\SceneManager.cpp">
      <Filter>program\[003] game\[000]GameEngine\[001]Scene</Filter>
    </ClCompile>
    <ClCompile Include="program\game\[000]GameEngine\[003]Transform\Transform.cpp">
      <Filter>program\[003] game\[000]GameEngine\[003]Transform</Filter>
    </ClCompile>
    <ClCompile Include="program\game\[001]Common\[000]Object\[003]Effect\[000]EffectFunction\EffectLoad.cpp">
      <Filter>program\[003] game\[001]Common\[000]Object\[003]Effect\[000]EffectFunction</Filter>
    </ClCompile>
    <ClCompile Include="program\game\[001]Common\[000]Object\[003]Effect\Effect.cpp">
      <Filter>program\[003] game\[001]Common\[000]Object\[003]Effect</Filter>
    </ClCompile>
    <ClCompile Include="program\game\[001]Common\[000]Object\[000]Stage\[000]SkyBox\SkyBox.cpp">
      <Filter>program\[003] game\[001]Common\[000]Object\[000]Stage\[000]SkyBox</Filter>
    </ClCompile>
    <ClCompile Include="program\game\[001]Common\[004]ScreenShot\ScreenShot.cpp">
      <Filter>program\[003] game\[001]Common\[004]ScreenShot</Filter>
    </ClCompile>
    <ClCompile Include="program\game\[001]Common\[000]Object\[005]Event\[001]Text\Text.cpp">
      <Filter>program\[003] game\[001]Common\[000]Object\[005]Event\[001]Text</Filter>
    </ClCompile>
    <ClCompile Include="program\game\[001]Common\[000]Object\[005]Event\[001]Text\[000]TextFunction\TextDraw.cpp">
      <Filter>program\[003] game\[001]Common\[000]Object\[005]Event\[001]Text\[000]TextFunction</Filter>
    </ClCompile>
    <ClCompile Include="program\game\[001]Common\[000]Object\[005]Event\[001]Text\[000]TextFunction\TextLoad.cpp">
      <Filter>program\[003] game\[001]Common\[000]Object\[005]Event\[001]Text\[000]TextFunction</Filter>
    </ClCompile>
    <ClCompile Include="program\game\[001]Common\[000]Object\[005]Event\[002]CharaGraph\CharaGraph.cpp">
      <Filter>program\[003] game\[001]Common\[000]Object\[005]Event\[002]CharaGraph</Filter>
    </ClCompile>
    <ClCompile Include="program\game\[001]Common\[000]Object\[005]Event\[002]CharaGraph\[000]CharaGraphFunction\CharaGraphDraw.cpp">
      <Filter>program\[003] game\[001]Common\[000]Object\[005]Event\[002]CharaGraph\[000]CharaGraphicFunction</Filter>
    </ClCompile>
    <ClCompile Include="program\game\[001]Common\[000]Object\[005]Event\[002]CharaGraph\[000]CharaGraphFunction\CharaGraphLoad.cpp">
      <Filter>program\[003] game\[001]Common\[000]Object\[005]Event\[002]CharaGraph\[000]CharaGraphicFunction</Filter>
    </ClCompile>
    <ClCompile Include="program\game\[001]Common\[000]Object\[002]Gimmick\Gimmick.cpp">
      <Filter>program\[003] game\[001]Common\[000]Object\[002]Gimmick\[000]GimmickFunction</Filter>
    </ClCompile>
    <ClCompile Include="program\game\[001]Common\[000]Object\[002]Gimmick\[000]GimmickFunction\GimmickDraw.cpp">
      <Filter>program\[003] game\[001]Common\[000]Object\[002]Gimmick\[000]GimmickFunction</Filter>
    </ClCompile>
    <ClCompile Include="program\game\[001]Common\[000]Object\[002]Gimmick\[000]GimmickFunction\GimmickLoad.cpp">
      <Filter>program\[003] game\[001]Common\[000]Object\[002]Gimmick\[000]GimmickFunction</Filter>
    </ClCompile>
    <ClCompile Include="program\game\[001]Common\[000]Object\[002]Gimmick\[000]GimmickFunction\GimmickPool.cpp">
      <Filter>program\[003] game\[001]Common\[000]Object\[002]Gimmick\[000]GimmickFunction</Filter>
    </ClCompile>
    <ClCompile Include="program\game\[001]Common\[001]Camera\[000]CameraFunction\CameraLoad.cpp">
      <Filter>program\[003] game\[001]Common\[001]Camera\[000]CameraFunction</Filter>
    </ClCompile>
    <ClCompile Include="program\game\[001]Common\[000]Object\[000]Stage\[003]Model\[000]ModelFunction\ModelGenerator.cpp">
      <Filter>program\[003] game\[001]Common\[000]Object\[000]Stage\[003]Model\[000]ModelFunction</Filter>
    </ClCompile>
    <ClCompile Include="program\game\[001]Common\[005]Factory\OpFactory.cpp">
      <Filter>program\[003] game\[001]Common\[005]Factory</Filter>
    </ClCompile>
    <ClCompile Include="program\game\[001]Common\[000]Object\[001]Character\[003]Butterfly\Butterfly.cpp">
      <Filter>program\[003] game\[001]Common\[000]Object\[001]Character\[003]Butterfly</Filter>
    </ClCompile>
    <ClCompile Include="program\game\[001]Common\[000]Object\[006]Title\Title.cpp">
      <Filter>program\[003] game\[001]Common\[000]Object\[006]Title</Filter>
    </ClCompile>
    <ClCompile Include="program\game\[001]Common\[000]Object\Object.cpp">
      <Filter>program\[003] game\[001]Common\[000]Object</Filter>
    </ClCompile>
    <ClCompile Include="program\game\[001]Common\[000]Object\[002]Gimmick\[000]GimmickFunction\GimmickGenerator.cpp">
      <Filter>program\[003] game\[001]Common\[000]Object\[002]Gimmick\[000]GimmickFunction</Filter>
    </ClCompile>
    <ClCompile Include="program\game\[001]Common\[001]Camera\CinemaCamera.cpp">
      <Filter>program\[003] game\[001]Common\[001]Camera</Filter>
    </ClCompile>
    <ClCompile Include="program\game\[001]Common\[001]Camera\OpCamera.cpp">
      <Filter>program\[003] game\[001]Common\[001]Camera</Filter>
    </ClCompile>
    <ClCompile Include="program\game\[001]Common\[000]Object\[001]Character\[003]Butterfly\[000]ButterflyFunction\ButterflyLoad.cpp">
      <Filter>program\[003] game\[001]Common\[000]Object\[001]Character\[003]Butterfly\[000]ButterflyFunction</Filter>
    </ClCompile>
    <ClCompile Include="program\game\[001]Common\[000]Object\[007]Gate\Gate.cpp">
      <Filter>program\[003] game\[001]Common\[000]Object\[007]Gate</Filter>
    </ClCompile>
    <ClCompile Include="program\game\[001]Common\[000]Object\[007]Gate\[000]GateFunction\GateLoad.cpp">
      <Filter>program\[003] game\[001]Common\[000]Object\[007]Gate\[000]GateFunction</Filter>
    </ClCompile>
    <ClCompile Include="program\game\[001]Common\[000]Object\[001]Character\[001]Partner\[000]PartnerFunction\PartnerLoad.cpp">
      <Filter>program\[003] game\[001]Common\[000]Object\[001]Character\[001]Partner\[000]PartnerFunction</Filter>
    </ClCompile>
    <ClCompile Include="program\game\[004]SceneED\SceneED.cpp">
      <Filter>program\[003] game\[004]SceneED</Filter>
    </ClCompile>
    <ClCompile Include="program\game\[001]Common\[000]Object\[001]Character\[000]Player\[001]CinemaPlayer\CinemaPlayer.cpp">
      <Filter>program\[003] game\[001]Common\[000]Object\[001]Character\[000]Player\[001]CinemaPlayer</Filter>
    </ClCompile>
    <ClCompile Include="program\game\[001]Common\[000]Object\[001]Character\[002]CameraTargetPlayer\CinemaCameraTarget.cpp">
      <Filter>program\[003] game\[001]Common\[000]Object\[001]Character\[002]CameraTargetPlayer</Filter>
    </ClCompile>
    <ClCompile Include="program\game\[002]SceneOP\SceneOp.cpp">
      <Filter>program\[003] game\[002]SceneOp</Filter>
    </ClCompile>
    <ClCompile Include="program\game\[001]Common\[000]Object\[000]Stage\[000]SkyBox\CinemaBack.cpp">
      <Filter>program\[003] game\[001]Common\[000]Object\[000]Stage\[000]SkyBox</Filter>
    </ClCompile>
  </ItemGroup>
  <ItemGroup>
    <ResourceCompile Include="ManagedDxlGame.rc">
      <Filter>リソース ファイル</Filter>
    </ResourceCompile>
  </ItemGroup>
  <ItemGroup>
    <Image Include="small.ico">
      <Filter>リソース ファイル</Filter>
    </Image>
    <Image Include="ManagedDxlGame.ico">
      <Filter>リソース ファイル</Filter>
    </Image>
  </ItemGroup>
  <ItemGroup>
    <ClInclude Include="program\library\stb_image.h">
      <Filter>program\[000] library</Filter>
    </ClInclude>
    <ClInclude Include="program\library\tnl_font_texture.h">
      <Filter>program\[000] library</Filter>
    </ClInclude>
    <ClInclude Include="program\library\tnl_hierarchy_tree.h">
      <Filter>program\[000] library</Filter>
    </ClInclude>
    <ClInclude Include="program\library\tnl_input.h">
      <Filter>program\[000] library</Filter>
    </ClInclude>
    <ClInclude Include="program\library\tnl_intersect.h">
      <Filter>program\[000] library</Filter>
    </ClInclude>
    <ClInclude Include="program\library\tnl_link_linear.h">
      <Filter>program\[000] library</Filter>
    </ClInclude>
    <ClInclude Include="program\library\tnl_math.h">
      <Filter>program\[000] library</Filter>
    </ClInclude>
    <ClInclude Include="program\library\tnl_matrix.h">
      <Filter>program\[000] library</Filter>
    </ClInclude>
    <ClInclude Include="program\library\tnl_quaternion.h">
      <Filter>program\[000] library</Filter>
    </ClInclude>
    <ClInclude Include="program\library\tnl_seek_unit.h">
      <Filter>program\[000] library</Filter>
    </ClInclude>
    <ClInclude Include="program\library\tnl_sequence.h">
      <Filter>program\[000] library</Filter>
    </ClInclude>
    <ClInclude Include="program\library\tnl_shared_factory.h">
      <Filter>program\[000] library</Filter>
    </ClInclude>
    <ClInclude Include="program\library\tnl_using.h">
      <Filter>program\[000] library</Filter>
    </ClInclude>
    <ClInclude Include="program\library\tnl_util.h">
      <Filter>program\[000] library</Filter>
    </ClInclude>
    <ClInclude Include="program\dxlib_ext\dxlib_ext.h">
      <Filter>program\[001] dxlib_ext</Filter>
    </ClInclude>
    <ClInclude Include="program\dxlib_ext\dxlib_ext_camera.h">
      <Filter>program\[001] dxlib_ext</Filter>
    </ClInclude>
    <ClInclude Include="program\dxlib_ext\dxlib_ext_data.h">
      <Filter>program\[001] dxlib_ext</Filter>
    </ClInclude>
    <ClInclude Include="program\dxlib_ext\dxlib_ext_render_param.h">
      <Filter>program\[001] dxlib_ext</Filter>
    </ClInclude>
    <ClInclude Include="program\dxlib_ext\dxlib_ext_texture.h">
      <Filter>program\[001] dxlib_ext</Filter>
    </ClInclude>
    <ClInclude Include="program\dxlib_ext\OBJLoader.h">
      <Filter>program\[001] dxlib_ext</Filter>
    </ClInclude>
    <ClInclude Include="program\game\gm_main.h">
      <Filter>program\[003] game</Filter>
    </ClInclude>
    <ClInclude Include="program\library\json11.hpp">
      <Filter>program\[000] library</Filter>
    </ClInclude>
    <ClInclude Include="program\library\tnl_inclution_owner_locked.h">
      <Filter>program\[000] library</Filter>
    </ClInclude>
    <ClInclude Include="program\library\tnl_instance.h">
      <Filter>program\[000] library</Filter>
    </ClInclude>
    <ClInclude Include="program\library\tnl_csv.h">
      <Filter>program\[000] library</Filter>
    </ClInclude>
    <ClInclude Include="program\library\tnl_vector3.h">
      <Filter>program\[000] library</Filter>
    </ClInclude>
    <ClInclude Include="program\library\tnl_vector2i.h">
      <Filter>program\[000] library</Filter>
    </ClInclude>
    <ClInclude Include="program\dxlib_ext\example\dxlib_ext_example_3d_adjust_object_velocity.h">
      <Filter>program\[001] dxlib_ext\example</Filter>
    </ClInclude>
    <ClInclude Include="program\dxlib_ext\example\dxlib_ext_example_3d_start_up.h">
      <Filter>program\[001] dxlib_ext\example</Filter>
    </ClInclude>
    <ClInclude Include="program\dxlib_ext\example\dxlib_ext_example_3d_use_skybox.h">
      <Filter>program\[001] dxlib_ext\example</Filter>
    </ClInclude>
    <ClInclude Include="program\dxlib_ext\example\dxlib_ext_example_3d_intersect_correct_sphere.h">
      <Filter>program\[001] dxlib_ext\example</Filter>
    </ClInclude>
    <ClInclude Include="program\dxlib_ext\example\dxlib_ext_example_3d_intersect_correct_aabb.h">
      <Filter>program\[001] dxlib_ext\example</Filter>
    </ClInclude>
    <ClInclude Include="program\dxlib_ext\example\dxlib_ext_example_3d_intersect_screen_ray.h">
      <Filter>program\[001] dxlib_ext\example</Filter>
    </ClInclude>
    <ClInclude Include="program\dxlib_ext\example\dxlib_ext_example_3d_convert_to_screen.h">
      <Filter>program\[001] dxlib_ext\example</Filter>
    </ClInclude>
    <ClInclude Include="program\dxlib_ext\example\dxlib_ext_example_3d_height_map_ground.h">
      <Filter>program\[001] dxlib_ext\example</Filter>
    </ClInclude>
    <ClInclude Include="program\dxlib_ext\example\dxlib_ext_example_2d_on_select_object_from_line_loop.h">
      <Filter>program\[001] dxlib_ext\example</Filter>
    </ClInclude>
    <ClInclude Include="program\dxlib_ext\example\dxlib_ext_example_2d_intersect_correct_rect.h">
      <Filter>program\[001] dxlib_ext\example</Filter>
    </ClInclude>
    <ClInclude Include="program\dxlib_ext\example\dxlib_ext_example_utl_lerp_value.h">
      <Filter>program\[001] dxlib_ext\example</Filter>
    </ClInclude>
    <ClInclude Include="program\dxlib_ext\example\dxlib_ext_example_utl_lerp_vector3.h">
      <Filter>program\[001] dxlib_ext\example</Filter>
    </ClInclude>
    <ClInclude Include="program\dxlib_ext\example\dxlib_ext_example_3d_camera_free_look.h">
      <Filter>program\[001] dxlib_ext\example</Filter>
    </ClInclude>
    <ClInclude Include="program\dxlib_ext\example\dxlib_ext_example_3d_camera_transform.h">
      <Filter>program\[001] dxlib_ext\example</Filter>
    </ClInclude>
    <ClInclude Include="program\dxlib_ext\example\dxlib_ext_example_utl_single_oscillationy.h">
      <Filter>program\[001] dxlib_ext\example</Filter>
    </ClInclude>
    <ClInclude Include="program\dxlib_ext\example\dxlib_ext_example_3d_shadow_map.h">
      <Filter>program\[001] dxlib_ext\example</Filter>
    </ClInclude>
    <ClInclude Include="program\dxlib_ext\example\dxlib_ext_example_3d_shadow_and_bloom.h">
      <Filter>program\[001] dxlib_ext\example</Filter>
    </ClInclude>
    <ClInclude Include="program\dxlib_ext\gui\dxlib_ext_gui_drag_box.h">
      <Filter>program\[001] dxlib_ext\gui</Filter>
    </ClInclude>
    <ClInclude Include="program\dxlib_ext\gui\dxlib_ext_gui_input_box.h">
      <Filter>program\[001] dxlib_ext\gui</Filter>
    </ClInclude>
    <ClInclude Include="program\dxlib_ext\gui\dxlib_ext_gui_menu_selector.h">
      <Filter>program\[001] dxlib_ext\gui</Filter>
    </ClInclude>
    <ClInclude Include="program\dxlib_ext\gui\dxlib_ext_gui_value_slider.h">
      <Filter>program\[001] dxlib_ext\gui</Filter>
    </ClInclude>
    <ClInclude Include="program\dxlib_ext\mesh\dxlib_ext_mesh.h">
      <Filter>program\[001] dxlib_ext\mesh</Filter>
    </ClInclude>
    <ClInclude Include="program\dxlib_ext\mesh\dxlib_ext_mesh_desc.h">
      <Filter>program\[001] dxlib_ext\mesh</Filter>
    </ClInclude>
    <ClInclude Include="program\dxlib_ext\mesh\dxlib_ext_mesh_mtrl_gui_controller.h">
      <Filter>program\[001] dxlib_ext\mesh</Filter>
    </ClInclude>
    <ClInclude Include="program\dxlib_ext\effects\dxlib_ext_particle.h">
      <Filter>program\[001] dxlib_ext\effects</Filter>
    </ClInclude>
    <ClInclude Include="program\dxlib_ext\effects\dxlib_ext_shadow_map.h">
      <Filter>program\[001] dxlib_ext\effects</Filter>
    </ClInclude>
    <ClInclude Include="program\dxlib_ext\effects\shader\particle\shader_particle_gs0.h">
      <Filter>program\[001] dxlib_ext\effects\shader\particle</Filter>
    </ClInclude>
    <ClInclude Include="program\dxlib_ext\effects\shader\particle\shader_particle_gs1.h">
      <Filter>program\[001] dxlib_ext\effects\shader\particle</Filter>
    </ClInclude>
    <ClInclude Include="program\dxlib_ext\effects\shader\particle\shader_particle_ps.h">
      <Filter>program\[001] dxlib_ext\effects\shader\particle</Filter>
    </ClInclude>
    <ClInclude Include="program\dxlib_ext\effects\shader\particle\shader_particle_vs.h">
      <Filter>program\[001] dxlib_ext\effects\shader\particle</Filter>
    </ClInclude>
    <ClInclude Include="program\dxlib_ext\example\dxlib_ext_example_3d_particle.h">
      <Filter>program\[001] dxlib_ext\example</Filter>
    </ClInclude>
    <ClInclude Include="program\dxlib_ext\mesh\dxlib_ext_inst_mesh.h">
      <Filter>program\[001] dxlib_ext\mesh</Filter>
    </ClInclude>
    <ClInclude Include="program\dxlib_ext\mesh\dxlib_ext_mesh_base.h">
      <Filter>program\[001] dxlib_ext\mesh</Filter>
    </ClInclude>
    <ClInclude Include="program\dxlib_ext\example\dxlib_ext_example_3d_instancing.h">
      <Filter>program\[001] dxlib_ext\example</Filter>
    </ClInclude>
    <ClInclude Include="program\dxlib_ext\effects\dxlib_ext_screen_effect.h">
      <Filter>program\[001] dxlib_ext\effects</Filter>
    </ClInclude>
    <ClInclude Include="program\dxlib_ext\gui\dxlib_ext_gui_check_box.h">
      <Filter>program\[001] dxlib_ext\gui</Filter>
    </ClInclude>
    <ClInclude Include="program\dxlib_ext\example\dxlib_ext_example_3d_screen_efffect.h">
      <Filter>program\[001] dxlib_ext\example</Filter>
    </ClInclude>
    <ClInclude Include="program\game\[001]Common\[005]Factory\PlayFactory.h">
      <Filter>program\[003] game\[001]Common\[005]Factory</Filter>
    </ClInclude>
    <ClInclude Include="program\game\[001]Common\[003]Phase\GamePhase.h">
      <Filter>program\[003] game\[001]Common\[003]Phase</Filter>
    </ClInclude>
    <ClInclude Include="program\game\[001]Common\[003]Phase\StagePhase.h">
      <Filter>program\[003] game\[001]Common\[003]Phase</Filter>
    </ClInclude>
    <ClInclude Include="program\game\[001]Common\[002]Mediator\Mediator.h">
      <Filter>program\[003] game\[001]Common\[002]Mediator</Filter>
    </ClInclude>
    <ClInclude Include="program\game\[001]Common\[001]Camera\GameCamera.h">
      <Filter>program\[003] game\[001]Common\[001]Camera</Filter>
    </ClInclude>
    <ClInclude Include="program\game\[001]Common\[000]Object\Object.h">
      <Filter>program\[003] game\[001]Common\[000]Object</Filter>
    </ClInclude>
    <ClInclude Include="program\game\[001]Common\[000]Object\[000]Stage\[001]Lane\Lane.h">
      <Filter>program\[003] game\[001]Common\[000]Object\[000]Stage\[001]Lane</Filter>
    </ClInclude>
    <ClInclude Include="program\game\[001]Common\[000]Object\[000]Stage\[001]Lane\[000]LaneFunction\LaneLoad.h">
      <Filter>program\[003] game\[001]Common\[000]Object\[000]Stage\[001]Lane\[000]LaneFunction</Filter>
    </ClInclude>
    <ClInclude Include="program\game\[001]Common\[000]Object\[000]Stage\[001]Lane\[000]LaneFunction\LaneMove.h">
      <Filter>program\[003] game\[001]Common\[000]Object\[000]Stage\[001]Lane\[000]LaneFunction</Filter>
    </ClInclude>
    <ClInclude Include="program\game\[001]Common\[000]Object\[000]Stage\[002]Floor\Floor.h">
      <Filter>program\[003] game\[001]Common\[000]Object\[000]Stage\[002]Floor</Filter>
    </ClInclude>
    <ClInclude Include="program\game\[001]Common\[000]Object\[000]Stage\[003]Model\Model.h">
      <Filter>program\[003] game\[001]Common\[000]Object\[000]Stage\[003]Model</Filter>
    </ClInclude>
    <ClInclude Include="program\game\[001]Common\[000]Object\[000]Stage\[003]Model\[000]ModelFunction\ModelLoad.h">
      <Filter>program\[003] game\[001]Common\[000]Object\[000]Stage\[003]Model\[000]ModelFunction</Filter>
    </ClInclude>
    <ClInclude Include="program\game\[001]Common\[000]Object\[001]Character\Character.h">
      <Filter>program\[003] game\[001]Common\[000]Object\[001]Character</Filter>
    </ClInclude>
    <ClInclude Include="program\game\[001]Common\[000]Object\[001]Character\[000]Player\Player.h">
      <Filter>program\[003] game\[001]Common\[000]Object\[001]Character\[000]Player</Filter>
    </ClInclude>
    <ClInclude Include="program\game\[001]Common\[000]Object\[001]Character\[000]Player\[000]PlayerFunction\PlayerCollision.h">
      <Filter>program\[003] game\[001]Common\[000]Object\[001]Character\[000]Player\[000]PlayerFunction</Filter>
    </ClInclude>
    <ClInclude Include="program\game\[001]Common\[000]Object\[001]Character\[000]Player\[000]PlayerFunction\PlayerDraw.h">
      <Filter>program\[003] game\[001]Common\[000]Object\[001]Character\[000]Player\[000]PlayerFunction</Filter>
    </ClInclude>
    <ClInclude Include="program\game\[001]Common\[000]Object\[001]Character\[000]Player\[000]PlayerFunction\PlayerMove.h">
      <Filter>program\[003] game\[001]Common\[000]Object\[001]Character\[000]Player\[000]PlayerFunction</Filter>
    </ClInclude>
    <ClInclude Include="program\game\[001]Common\[000]Object\[001]Character\[000]Player\[000]PlayerFunction\PlayerLoad.h">
      <Filter>program\[003] game\[001]Common\[000]Object\[001]Character\[000]Player\[000]PlayerFunction</Filter>
    </ClInclude>
    <ClInclude Include="program\game\[001]Common\[000]Object\[001]Character\[000]Player\[000]PlayerFunction\PlayerSkill.h">
      <Filter>program\[003] game\[001]Common\[000]Object\[001]Character\[000]Player\[000]PlayerFunction</Filter>
    </ClInclude>
    <ClInclude Include="program\game\[001]Common\[000]Object\[001]Character\[001]Partner\Partner.h">
      <Filter>program\[003] game\[001]Common\[000]Object\[001]Character\[001]Partner</Filter>
    </ClInclude>
    <ClInclude Include="program\game\[001]Common\[000]Object\[001]Character\[001]Partner\[000]PartnerFunction\PartnerDraw.h">
      <Filter>program\[003] game\[001]Common\[000]Object\[001]Character\[001]Partner\[000]PartnerFunction</Filter>
    </ClInclude>
    <ClInclude Include="program\game\[001]Common\[000]Object\[001]Character\[001]Partner\[000]PartnerFunction\PartnerMove.h">
      <Filter>program\[003] game\[001]Common\[000]Object\[001]Character\[001]Partner\[000]PartnerFunction</Filter>
    </ClInclude>
    <ClInclude Include="program\game\[001]Common\[000]Object\[001]Character\[002]CameraTargetPlayer\CameraTargetPlayer.h">
      <Filter>program\[003] game\[001]Common\[000]Object\[001]Character\[002]CameraTargetPlayer</Filter>
    </ClInclude>
    <ClInclude Include="program\game\[001]Common\[000]Object\[004]Score\Score.h">
      <Filter>program\[003] game\[001]Common\[000]Object\[004]Score</Filter>
    </ClInclude>
    <ClInclude Include="program\game\[002]SceneOP\SceneOp.h">
      <Filter>program\[003] game\[002]SceneOp</Filter>
    </ClInclude>
    <ClInclude Include="program\game\[003]ScenePlay\ScenePlay.h">
      <Filter>program\[003] game\[003]ScenePlay</Filter>
    </ClInclude>
    <ClInclude Include="program\wta_library\wta_Astar.h">
      <Filter>program\[002]wta_library</Filter>
    </ClInclude>
    <ClInclude Include="program\wta_library\wta_Collision.h">
      <Filter>program\[002]wta_library</Filter>
    </ClInclude>
    <ClInclude Include="program\wta_library\wta_Convert.h">
      <Filter>program\[002]wta_library</Filter>
    </ClInclude>
    <ClInclude Include="program\wta_library\wta_SimplexNoise.h">
      <Filter>program\[002]wta_library</Filter>
    </ClInclude>
    <ClInclude Include="program\game\[000]GameEngine\[000]Engine\Engine.h">
      <Filter>program\[003] game\[000]GameEngine\[000]Engine</Filter>
    </ClInclude>
    <ClInclude Include="program\game\[000]GameEngine\[001]Scene\SceneBase.h">
      <Filter>program\[003] game\[000]GameEngine\[001]Scene</Filter>
    </ClInclude>
    <ClInclude Include="program\game\[000]GameEngine\[001]Scene\SceneManager.h">
      <Filter>program\[003] game\[000]GameEngine\[001]Scene</Filter>
    </ClInclude>
    <ClInclude Include="program\game\[000]GameEngine\[003]Transform\Transform.h">
      <Filter>program\[003] game\[000]GameEngine\[003]Transform</Filter>
    </ClInclude>
    <ClInclude Include="program\game\[001]Common\[000]Object\[003]Effect\[000]EffectFunction\EffectLoad.h">
      <Filter>program\[003] game\[001]Common\[000]Object\[003]Effect\[000]EffectFunction</Filter>
    </ClInclude>
    <ClInclude Include="program\game\[001]Common\[000]Object\[003]Effect\Effect.h">
      <Filter>program\[003] game\[001]Common\[000]Object\[003]Effect</Filter>
    </ClInclude>
    <ClInclude Include="program\game\[001]Common\[000]Object\[000]Stage\[000]SkyBox\SkyBox.h">
      <Filter>program\[003] game\[001]Common\[000]Object\[000]Stage\[000]SkyBox</Filter>
    </ClInclude>
    <ClInclude Include="program\game\[001]Common\[004]ScreenShot\ScreenShot.h">
      <Filter>program\[003] game\[001]Common\[004]ScreenShot</Filter>
    </ClInclude>
    <ClInclude Include="program\game\[001]Common\[000]Object\[005]Event\[001]Text\Text.h">
      <Filter>program\[003] game\[001]Common\[000]Object\[005]Event\[001]Text</Filter>
    </ClInclude>
    <ClInclude Include="program\game\[001]Common\[000]Object\[005]Event\[001]Text\[000]TextFunction\TextDraw.h">
      <Filter>program\[003] game\[001]Common\[000]Object\[005]Event\[001]Text\[000]TextFunction</Filter>
    </ClInclude>
    <ClInclude Include="program\game\[001]Common\[000]Object\[005]Event\[001]Text\[000]TextFunction\TextLoad.h">
      <Filter>program\[003] game\[001]Common\[000]Object\[005]Event\[001]Text\[000]TextFunction</Filter>
    </ClInclude>
    <ClInclude Include="program\game\[001]Common\[000]Object\[005]Event\[002]CharaGraph\CharaGraph.h">
      <Filter>program\[003] game\[001]Common\[000]Object\[005]Event\[002]CharaGraph</Filter>
    </ClInclude>
    <ClInclude Include="program\game\[001]Common\[000]Object\[005]Event\[002]CharaGraph\[000]CharaGraphFunction\CharaGraphDraw.h">
      <Filter>program\[003] game\[001]Common\[000]Object\[005]Event\[002]CharaGraph\[000]CharaGraphicFunction</Filter>
    </ClInclude>
    <ClInclude Include="program\game\[001]Common\[000]Object\[005]Event\[002]CharaGraph\[000]CharaGraphFunction\CharaGraphLoad.h">
      <Filter>program\[003] game\[001]Common\[000]Object\[005]Event\[002]CharaGraph\[000]CharaGraphicFunction</Filter>
    </ClInclude>
    <ClInclude Include="program\game\[001]Common\[000]Object\[002]Gimmick\Gimmick.h">
      <Filter>program\[003] game\[001]Common\[000]Object\[002]Gimmick\[000]GimmickFunction</Filter>
    </ClInclude>
    <ClInclude Include="program\game\[001]Common\[000]Object\[002]Gimmick\[000]GimmickFunction\GimmickDraw.h">
      <Filter>program\[003] game\[001]Common\[000]Object\[002]Gimmick\[000]GimmickFunction</Filter>
    </ClInclude>
    <ClInclude Include="program\game\[001]Common\[000]Object\[002]Gimmick\[000]GimmickFunction\GimmickLoad.h">
      <Filter>program\[003] game\[001]Common\[000]Object\[002]Gimmick\[000]GimmickFunction</Filter>
    </ClInclude>
    <ClInclude Include="program\game\[001]Common\[000]Object\[002]Gimmick\[000]GimmickFunction\GimmickPool.h">
      <Filter>program\[003] game\[001]Common\[000]Object\[002]Gimmick\[000]GimmickFunction</Filter>
    </ClInclude>
    <ClInclude Include="program\game\[001]Common\[001]Camera\[000]CameraFunction\CameraLoad.h">
      <Filter>program\[003] game\[001]Common\[001]Camera\[000]CameraFunction</Filter>
    </ClInclude>
    <ClInclude Include="program\game\[001]Common\[000]Object\[000]Stage\[003]Model\[000]ModelFunction\ModelGenerator.h">
      <Filter>program\[003] game\[001]Common\[000]Object\[000]Stage\[003]Model\[000]ModelFunction</Filter>
    </ClInclude>
    <ClInclude Include="program\game\[001]Common\[000]Object\[000]Stage\[003]Model\[000]ModelFunction\ModelPool.h">
      <Filter>program\[003] game\[001]Common\[000]Object\[000]Stage\[003]Model\[000]ModelFunction</Filter>
    </ClInclude>
    <ClInclude Include="program\game\[001]Common\[005]Factory\OpFactory.h">
      <Filter>program\[003] game\[001]Common\[005]Factory</Filter>
    </ClInclude>
    <ClInclude Include="program\game\[001]Common\[000]Object\[001]Character\[003]Butterfly\Butterfly.h">
      <Filter>program\[003] game\[001]Common\[000]Object\[001]Character\[003]Butterfly</Filter>
    </ClInclude>
    <ClInclude Include="program\game\[001]Common\[000]Object\[006]Title\Title.h">
      <Filter>program\[003] game\[001]Common\[000]Object\[006]Title</Filter>
    </ClInclude>
    <ClInclude Include="program\game\[001]Common\[000]Object\[002]Gimmick\[000]GimmickFunction\GimmickGenerator.h">
      <Filter>program\[003] game\[001]Common\[000]Object\[002]Gimmick\[000]GimmickFunction</Filter>
    </ClInclude>
    <ClInclude Include="program\game\[001]Common\[001]Camera\CinemaCamera.h">
      <Filter>program\[003] game\[001]Common\[001]Camera</Filter>
    </ClInclude>
    <ClInclude Include="program\game\[001]Common\[001]Camera\OpCamera.h">
      <Filter>program\[003] game\[001]Common\[001]Camera</Filter>
    </ClInclude>
    <ClInclude Include="program\game\[001]Common\[000]Object\[001]Character\[003]Butterfly\[000]ButterflyFunction\ButterflyLoad.h">
      <Filter>program\[003] game\[001]Common\[000]Object\[001]Character\[003]Butterfly\[000]ButterflyFunction</Filter>
    </ClInclude>
    <ClInclude Include="program\game\[001]Common\[000]Object\[007]Gate\Gate.h">
      <Filter>program\[003] game\[001]Common\[000]Object\[007]Gate</Filter>
    </ClInclude>
    <ClInclude Include="program\game\[001]Common\[000]Object\[007]Gate\[000]GateFunction\GateLoad.h">
      <Filter>program\[003] game\[001]Common\[000]Object\[007]Gate\[000]GateFunction</Filter>
    </ClInclude>
    <ClInclude Include="program\game\[001]Common\[000]Object\[001]Character\[001]Partner\[000]PartnerFunction\PartnerLoad.h">
      <Filter>program\[003] game\[001]Common\[000]Object\[001]Character\[001]Partner\[000]PartnerFunction</Filter>
    </ClInclude>
    <ClInclude Include="program\game\[004]SceneED\SceneED.h">
      <Filter>program\[003] game\[004]SceneED</Filter>
    </ClInclude>
    <ClInclude Include="program\game\[001]Common\[000]Object\[001]Character\[000]Player\[001]CinemaPlayer\CinemaPlayer.h">
      <Filter>program\[003] game\[001]Common\[000]Object\[001]Character\[000]Player\[001]CinemaPlayer</Filter>
    </ClInclude>
    <ClInclude Include="program\game\[001]Common\[000]Object\[001]Character\[002]CameraTargetPlayer\CinemaCameraTarget.h">
      <Filter>program\[003] game\[001]Common\[000]Object\[001]Character\[002]CameraTargetPlayer</Filter>
    </ClInclude>
    <ClInclude Include="program\game\[001]Common\[000]Object\[000]Stage\[000]SkyBox\CinemaBack.h">
      <Filter>program\[003] game\[001]Common\[000]Object\[000]Stage\[000]SkyBox</Filter>
    </ClInclude>
  </ItemGroup>
</Project>